
Microsoft Visual Studio Solution File, Format Version 12.00
# Visual Studio Version 17
VisualStudioVersion = 17.3.32825.248
MinimumVisualStudioVersion = 10.0.40219.1
Project("{FAE04EC0-301F-11D3-BF4B-00C04F79EFBC}") = "OnlineResourceWatcherLocalApp", "OnlineResourceWatcherLocalApp.csproj", "{19520179-CF22-4185-8DA4-BCB90DFF60D3}"
EndProject
Global
	GlobalSection(SolutionConfigurationPlatforms) = preSolution
		Debug|Any CPU = Debug|Any CPU
		Demo|Any CPU = Demo|Any CPU
		Release|Any CPU = Release|Any CPU
	EndGlobalSection
	GlobalSection(ProjectConfigurationPlatforms) = postSolution
		{19520179-CF22-4185-8DA4-BCB90DFF60D3}.Debug|Any CPU.ActiveCfg = Debug|Any CPU
		{19520179-CF22-4185-8DA4-BCB90DFF60D3}.Debug|Any CPU.Build.0 = Debug|Any CPU
		{19520179-CF22-4185-8DA4-BCB90DFF60D3}.Demo|Any CPU.ActiveCfg = Demo|Any CPU
		{19520179-CF22-4185-8DA4-BCB90DFF60D3}.Demo|Any CPU.Build.0 = Demo|Any CPU
		{19520179-CF22-4185-8DA4-BCB90DFF60D3}.Release|Any CPU.ActiveCfg = Release|Any CPU
		{19520179-CF22-4185-8DA4-BCB90DFF60D3}.Release|Any CPU.Build.0 = Release|Any CPU
	EndGlobalSection
	GlobalSection(SolutionProperties) = preSolution
		HideSolutionNode = FALSE
	EndGlobalSection
	GlobalSection(ExtensibilityGlobals) = postSolution
		SolutionGuid = {279251AC-43AC-4D95-B231-8792A5D57375}
	EndGlobalSection
EndGlobal
